// !$*UTF8*$!
{
	archiveVersion = 1;
	classes = {
	};
	objectVersion = 52;
	objects = {

/* Begin PBXBuildFile section */
		C313A919259B194800FC7A62 /* OQUserDefaults.swift in Sources */ = {isa = PBXBuildFile; fileRef = C313A918259B194800FC7A62 /* OQUserDefaults.swift */; };
		C333C22F25AEBCA70091F755 /* DefaultBtnCell.swift in Sources */ = {isa = PBXBuildFile; fileRef = C333C22D25AEBCA70091F755 /* DefaultBtnCell.swift */; };
		C333C23025AEBCA70091F755 /* DefaultBtnCell.xib in Resources */ = {isa = PBXBuildFile; fileRef = C333C22E25AEBCA70091F755 /* DefaultBtnCell.xib */; };
		C333C25925AEF7070091F755 /* NetworkExtension.framework in Frameworks */ = {isa = PBXBuildFile; fileRef = C333C25825AEF7070091F755 /* NetworkExtension.framework */; };
		C333C29C25B57CB40091F755 /* WebViewCell.swift in Sources */ = {isa = PBXBuildFile; fileRef = C333C29A25B57CB40091F755 /* WebViewCell.swift */; };
		C333C29D25B57CB40091F755 /* WebViewCell.xib in Resources */ = {isa = PBXBuildFile; fileRef = C333C29B25B57CB40091F755 /* WebViewCell.xib */; };
		C333C2A025B57D240091F755 /* WebProcessModel.swift in Sources */ = {isa = PBXBuildFile; fileRef = C333C29F25B57D240091F755 /* WebProcessModel.swift */; };
		C333C2A325B58BFF0091F755 /* ExternalAccessory.framework in Frameworks */ = {isa = PBXBuildFile; fileRef = C333C2A225B58BFF0091F755 /* ExternalAccessory.framework */; };
		C375D23325A6A7930094F473 /* ProgressCell.swift in Sources */ = {isa = PBXBuildFile; fileRef = C375D22925A6A7930094F473 /* ProgressCell.swift */; };
		C375D23425A6A7940094F473 /* SuccessCell.swift in Sources */ = {isa = PBXBuildFile; fileRef = C375D22A25A6A7930094F473 /* SuccessCell.swift */; };
		C375D23525A6A7940094F473 /* GuideCell.xib in Resources */ = {isa = PBXBuildFile; fileRef = C375D22B25A6A7930094F473 /* GuideCell.xib */; };
		C375D23825A6A7940094F473 /* GuideCell.swift in Sources */ = {isa = PBXBuildFile; fileRef = C375D22E25A6A7930094F473 /* GuideCell.swift */; };
		C375D23925A6A7940094F473 /* SuccessCell.xib in Resources */ = {isa = PBXBuildFile; fileRef = C375D22F25A6A7930094F473 /* SuccessCell.xib */; };
		C375D23A25A6A7940094F473 /* OtpFailCell.xib in Resources */ = {isa = PBXBuildFile; fileRef = C375D23025A6A7930094F473 /* OtpFailCell.xib */; };
		C375D23B25A6A7940094F473 /* OtpFailCell.swift in Sources */ = {isa = PBXBuildFile; fileRef = C375D23125A6A7930094F473 /* OtpFailCell.swift */; };
		C375D23C25A6A7940094F473 /* ProgressCell.xib in Resources */ = {isa = PBXBuildFile; fileRef = C375D23225A6A7930094F473 /* ProgressCell.xib */; };
		C375D24125A6AA2A0094F473 /* OtpEtcCell.xib in Resources */ = {isa = PBXBuildFile; fileRef = C375D23F25A6AA2A0094F473 /* OtpEtcCell.xib */; };
		C375D24225A6AA2A0094F473 /* OtpEtcCell.swift in Sources */ = {isa = PBXBuildFile; fileRef = C375D24025A6AA2A0094F473 /* OtpEtcCell.swift */; };
		C375D24625A6D5C80094F473 /* StepIndicator in Frameworks */ = {isa = PBXBuildFile; productRef = C375D24525A6D5C80094F473 /* StepIndicator */; };
		C375D2BD25AC14270094F473 /* OQ+UIControl.swift in Sources */ = {isa = PBXBuildFile; fileRef = C375D2BC25AC14270094F473 /* OQ+UIControl.swift */; };
		C375D2C225AC1CDC0094F473 /* SideMenuView.xib in Resources */ = {isa = PBXBuildFile; fileRef = C375D2C125AC1CDC0094F473 /* SideMenuView.xib */; };
		C375D2C525AC1CF30094F473 /* SideMenuView.swift in Sources */ = {isa = PBXBuildFile; fileRef = C375D2C425AC1CF30094F473 /* SideMenuView.swift */; };
		C375D2C825AC1DFA0094F473 /* SideMenuModel.swift in Sources */ = {isa = PBXBuildFile; fileRef = C375D2C725AC1DFA0094F473 /* SideMenuModel.swift */; };
		C375D2D425AC21070094F473 /* SideMenuViewModel.swift in Sources */ = {isa = PBXBuildFile; fileRef = C375D2D325AC21070094F473 /* SideMenuViewModel.swift */; };
		C375D2D825AC35A70094F473 /* DefaultCell.xib in Resources */ = {isa = PBXBuildFile; fileRef = C375D2D625AC35A70094F473 /* DefaultCell.xib */; };
		C375D2D925AC35A70094F473 /* DefaultCell.swift in Sources */ = {isa = PBXBuildFile; fileRef = C375D2D725AC35A70094F473 /* DefaultCell.swift */; };
		C375D2DD25AC3C790094F473 /* OQ+Etc.swift in Sources */ = {isa = PBXBuildFile; fileRef = C375D2DC25AC3C790094F473 /* OQ+Etc.swift */; };
		C3C198B22593196A007029E0 /* AppDelegate.swift in Sources */ = {isa = PBXBuildFile; fileRef = C3C198B12593196A007029E0 /* AppDelegate.swift */; };
		C3C198B42593196A007029E0 /* SceneDelegate.swift in Sources */ = {isa = PBXBuildFile; fileRef = C3C198B32593196A007029E0 /* SceneDelegate.swift */; };
		C3C198B62593196A007029E0 /* MainViewController.swift in Sources */ = {isa = PBXBuildFile; fileRef = C3C198B52593196A007029E0 /* MainViewController.swift */; };
		C3C198B92593196A007029E0 /* Main.storyboard in Resources */ = {isa = PBXBuildFile; fileRef = C3C198B72593196A007029E0 /* Main.storyboard */; };
		C3C198BB2593196C007029E0 /* Assets.xcassets in Resources */ = {isa = PBXBuildFile; fileRef = C3C198BA2593196C007029E0 /* Assets.xcassets */; };
		C3C198BE2593196C007029E0 /* LaunchScreen.storyboard in Resources */ = {isa = PBXBuildFile; fileRef = C3C198BC2593196C007029E0 /* LaunchScreen.storyboard */; };
		C3C198E825932D8B007029E0 /* Protocols.swift in Sources */ = {isa = PBXBuildFile; fileRef = C3C198E725932D8B007029E0 /* Protocols.swift */; };
		C3C198EF25932E07007029E0 /* MainViewModel.swift in Sources */ = {isa = PBXBuildFile; fileRef = C3C198EE25932E07007029E0 /* MainViewModel.swift */; };
		C3C198F325933BEB007029E0 /* SwiftOTP in Frameworks */ = {isa = PBXBuildFile; productRef = C3C198F225933BEB007029E0 /* SwiftOTP */; };
		C3C198F82593405E007029E0 /* AppError.swift in Sources */ = {isa = PBXBuildFile; fileRef = C3C198F72593405E007029E0 /* AppError.swift */; };
		C3C198FC25934142007029E0 /* OQ+Publisher.swift in Sources */ = {isa = PBXBuildFile; fileRef = C3C198FB25934142007029E0 /* OQ+Publisher.swift */; };
		C3C199032593448E007029E0 /* AppProcessModel.swift in Sources */ = {isa = PBXBuildFile; fileRef = C3C199022593448E007029E0 /* AppProcessModel.swift */; };
/* End PBXBuildFile section */

/* Begin PBXFileReference section */
		C313A918259B194800FC7A62 /* OQUserDefaults.swift */ = {isa = PBXFileReference; lastKnownFileType = sourcecode.swift; path = OQUserDefaults.swift; sourceTree = "<group>"; };
		C333C22D25AEBCA70091F755 /* DefaultBtnCell.swift */ = {isa = PBXFileReference; fileEncoding = 4; lastKnownFileType = sourcecode.swift; path = DefaultBtnCell.swift; sourceTree = "<group>"; };
		C333C22E25AEBCA70091F755 /* DefaultBtnCell.xib */ = {isa = PBXFileReference; fileEncoding = 4; lastKnownFileType = file.xib; path = DefaultBtnCell.xib; sourceTree = "<group>"; };
		C333C25825AEF7070091F755 /* NetworkExtension.framework */ = {isa = PBXFileReference; lastKnownFileType = wrapper.framework; name = NetworkExtension.framework; path = System/Library/Frameworks/NetworkExtension.framework; sourceTree = SDKROOT; };
		C333C29A25B57CB40091F755 /* WebViewCell.swift */ = {isa = PBXFileReference; fileEncoding = 4; lastKnownFileType = sourcecode.swift; path = WebViewCell.swift; sourceTree = "<group>"; };
		C333C29B25B57CB40091F755 /* WebViewCell.xib */ = {isa = PBXFileReference; fileEncoding = 4; lastKnownFileType = file.xib; path = WebViewCell.xib; sourceTree = "<group>"; };
		C333C29F25B57D240091F755 /* WebProcessModel.swift */ = {isa = PBXFileReference; fileEncoding = 4; lastKnownFileType = sourcecode.swift; path = WebProcessModel.swift; sourceTree = "<group>"; };
		C333C2A225B58BFF0091F755 /* ExternalAccessory.framework */ = {isa = PBXFileReference; lastKnownFileType = wrapper.framework; name = ExternalAccessory.framework; path = System/Library/Frameworks/ExternalAccessory.framework; sourceTree = SDKROOT; };
		C375D22925A6A7930094F473 /* ProgressCell.swift */ = {isa = PBXFileReference; fileEncoding = 4; lastKnownFileType = sourcecode.swift; path = ProgressCell.swift; sourceTree = "<group>"; };
		C375D22A25A6A7930094F473 /* SuccessCell.swift */ = {isa = PBXFileReference; fileEncoding = 4; lastKnownFileType = sourcecode.swift; path = SuccessCell.swift; sourceTree = "<group>"; };
		C375D22B25A6A7930094F473 /* GuideCell.xib */ = {isa = PBXFileReference; fileEncoding = 4; lastKnownFileType = file.xib; path = GuideCell.xib; sourceTree = "<group>"; };
		C375D22E25A6A7930094F473 /* GuideCell.swift */ = {isa = PBXFileReference; fileEncoding = 4; lastKnownFileType = sourcecode.swift; path = GuideCell.swift; sourceTree = "<group>"; };
		C375D22F25A6A7930094F473 /* SuccessCell.xib */ = {isa = PBXFileReference; fileEncoding = 4; lastKnownFileType = file.xib; path = SuccessCell.xib; sourceTree = "<group>"; };
		C375D23025A6A7930094F473 /* OtpFailCell.xib */ = {isa = PBXFileReference; fileEncoding = 4; lastKnownFileType = file.xib; path = OtpFailCell.xib; sourceTree = "<group>"; };
		C375D23125A6A7930094F473 /* OtpFailCell.swift */ = {isa = PBXFileReference; fileEncoding = 4; lastKnownFileType = sourcecode.swift; path = OtpFailCell.swift; sourceTree = "<group>"; };
		C375D23225A6A7930094F473 /* ProgressCell.xib */ = {isa = PBXFileReference; fileEncoding = 4; lastKnownFileType = file.xib; path = ProgressCell.xib; sourceTree = "<group>"; };
		C375D23F25A6AA2A0094F473 /* OtpEtcCell.xib */ = {isa = PBXFileReference; fileEncoding = 4; lastKnownFileType = file.xib; path = OtpEtcCell.xib; sourceTree = "<group>"; };
		C375D24025A6AA2A0094F473 /* OtpEtcCell.swift */ = {isa = PBXFileReference; fileEncoding = 4; lastKnownFileType = sourcecode.swift; path = OtpEtcCell.swift; sourceTree = "<group>"; };
		C375D2BC25AC14270094F473 /* OQ+UIControl.swift */ = {isa = PBXFileReference; fileEncoding = 4; lastKnownFileType = sourcecode.swift; path = "OQ+UIControl.swift"; sourceTree = "<group>"; };
		C375D2C125AC1CDC0094F473 /* SideMenuView.xib */ = {isa = PBXFileReference; lastKnownFileType = file.xib; path = SideMenuView.xib; sourceTree = "<group>"; };
		C375D2C425AC1CF30094F473 /* SideMenuView.swift */ = {isa = PBXFileReference; lastKnownFileType = sourcecode.swift; path = SideMenuView.swift; sourceTree = "<group>"; };
		C375D2C725AC1DFA0094F473 /* SideMenuModel.swift */ = {isa = PBXFileReference; lastKnownFileType = sourcecode.swift; path = SideMenuModel.swift; sourceTree = "<group>"; };
		C375D2D325AC21070094F473 /* SideMenuViewModel.swift */ = {isa = PBXFileReference; lastKnownFileType = sourcecode.swift; path = SideMenuViewModel.swift; sourceTree = "<group>"; };
		C375D2D625AC35A70094F473 /* DefaultCell.xib */ = {isa = PBXFileReference; fileEncoding = 4; lastKnownFileType = file.xib; path = DefaultCell.xib; sourceTree = "<group>"; };
		C375D2D725AC35A70094F473 /* DefaultCell.swift */ = {isa = PBXFileReference; fileEncoding = 4; lastKnownFileType = sourcecode.swift; path = DefaultCell.swift; sourceTree = "<group>"; };
		C375D2DC25AC3C790094F473 /* OQ+Etc.swift */ = {isa = PBXFileReference; lastKnownFileType = sourcecode.swift; path = "OQ+Etc.swift"; sourceTree = "<group>"; };
		C3C198AE2593196A007029E0 /* CocenAutoLogin.app */ = {isa = PBXFileReference; explicitFileType = wrapper.application; includeInIndex = 0; path = CocenAutoLogin.app; sourceTree = BUILT_PRODUCTS_DIR; };
		C3C198B12593196A007029E0 /* AppDelegate.swift */ = {isa = PBXFileReference; lastKnownFileType = sourcecode.swift; path = AppDelegate.swift; sourceTree = "<group>"; };
		C3C198B32593196A007029E0 /* SceneDelegate.swift */ = {isa = PBXFileReference; lastKnownFileType = sourcecode.swift; path = SceneDelegate.swift; sourceTree = "<group>"; };
		C3C198B52593196A007029E0 /* MainViewController.swift */ = {isa = PBXFileReference; lastKnownFileType = sourcecode.swift; path = MainViewController.swift; sourceTree = "<group>"; };
		C3C198B82593196A007029E0 /* Base */ = {isa = PBXFileReference; lastKnownFileType = file.storyboard; name = Base; path = Base.lproj/Main.storyboard; sourceTree = "<group>"; };
		C3C198BA2593196C007029E0 /* Assets.xcassets */ = {isa = PBXFileReference; lastKnownFileType = folder.assetcatalog; path = Assets.xcassets; sourceTree = "<group>"; };
		C3C198BD2593196C007029E0 /* Base */ = {isa = PBXFileReference; lastKnownFileType = file.storyboard; name = Base; path = Base.lproj/LaunchScreen.storyboard; sourceTree = "<group>"; };
		C3C198BF2593196C007029E0 /* Info.plist */ = {isa = PBXFileReference; lastKnownFileType = text.plist.xml; path = Info.plist; sourceTree = "<group>"; };
		C3C198C625931B5C007029E0 /* CocenAutoLogin.entitlements */ = {isa = PBXFileReference; lastKnownFileType = text.plist.entitlements; path = CocenAutoLogin.entitlements; sourceTree = "<group>"; };
		C3C198E725932D8B007029E0 /* Protocols.swift */ = {isa = PBXFileReference; fileEncoding = 4; lastKnownFileType = sourcecode.swift; path = Protocols.swift; sourceTree = "<group>"; };
		C3C198EE25932E07007029E0 /* MainViewModel.swift */ = {isa = PBXFileReference; lastKnownFileType = sourcecode.swift; path = MainViewModel.swift; sourceTree = "<group>"; };
		C3C198F72593405E007029E0 /* AppError.swift */ = {isa = PBXFileReference; fileEncoding = 4; lastKnownFileType = sourcecode.swift; path = AppError.swift; sourceTree = "<group>"; };
		C3C198FB25934142007029E0 /* OQ+Publisher.swift */ = {isa = PBXFileReference; fileEncoding = 4; lastKnownFileType = sourcecode.swift; path = "OQ+Publisher.swift"; sourceTree = "<group>"; };
		C3C199022593448E007029E0 /* AppProcessModel.swift */ = {isa = PBXFileReference; lastKnownFileType = sourcecode.swift; path = AppProcessModel.swift; sourceTree = "<group>"; };
/* End PBXFileReference section */

/* Begin PBXFrameworksBuildPhase section */
		C3C198AB2593196A007029E0 /* Frameworks */ = {
			isa = PBXFrameworksBuildPhase;
			buildActionMask = 2147483647;
			files = (
				C375D24625A6D5C80094F473 /* StepIndicator in Frameworks */,
				C333C25925AEF7070091F755 /* NetworkExtension.framework in Frameworks */,
				C333C2A325B58BFF0091F755 /* ExternalAccessory.framework in Frameworks */,
				C3C198F325933BEB007029E0 /* SwiftOTP in Frameworks */,
			);
			runOnlyForDeploymentPostprocessing = 0;
		};
/* End PBXFrameworksBuildPhase section */

/* Begin PBXGroup section */
		C333C25725AEF7070091F755 /* Frameworks */ = {
			isa = PBXGroup;
			children = (
				C333C2A225B58BFF0091F755 /* ExternalAccessory.framework */,
				C333C25825AEF7070091F755 /* NetworkExtension.framework */,
			);
			name = Frameworks;
			sourceTree = "<group>";
		};
		C375D22525A6A3C40094F473 /* Cells */ = {
			isa = PBXGroup;
			children = (
				C333C29A25B57CB40091F755 /* WebViewCell.swift */,
				C333C29B25B57CB40091F755 /* WebViewCell.xib */,
				C333C22D25AEBCA70091F755 /* DefaultBtnCell.swift */,
				C333C22E25AEBCA70091F755 /* DefaultBtnCell.xib */,
				C375D2D725AC35A70094F473 /* DefaultCell.swift */,
				C375D2D625AC35A70094F473 /* DefaultCell.xib */,
				C375D24025A6AA2A0094F473 /* OtpEtcCell.swift */,
				C375D23F25A6AA2A0094F473 /* OtpEtcCell.xib */,
				C375D22E25A6A7930094F473 /* GuideCell.swift */,
				C375D22B25A6A7930094F473 /* GuideCell.xib */,
				C375D23125A6A7930094F473 /* OtpFailCell.swift */,
				C375D23025A6A7930094F473 /* OtpFailCell.xib */,
				C375D22925A6A7930094F473 /* ProgressCell.swift */,
				C375D23225A6A7930094F473 /* ProgressCell.xib */,
				C375D22A25A6A7930094F473 /* SuccessCell.swift */,
				C375D22F25A6A7930094F473 /* SuccessCell.xib */,
			);
			path = Cells;
			sourceTree = "<group>";
		};
		C375D2C025AC1CC90094F473 /* Views */ = {
			isa = PBXGroup;
			children = (
				C375D2C125AC1CDC0094F473 /* SideMenuView.xib */,
				C375D2C425AC1CF30094F473 /* SideMenuView.swift */,
			);
			path = Views;
			sourceTree = "<group>";
		};
		C3C198A52593196A007029E0 = {
			isa = PBXGroup;
			children = (
				C3C198B02593196A007029E0 /* CocenAutoLogin */,
				C3C198AF2593196A007029E0 /* Products */,
				C333C25725AEF7070091F755 /* Frameworks */,
			);
			sourceTree = "<group>";
		};
		C3C198AF2593196A007029E0 /* Products */ = {
			isa = PBXGroup;
			children = (
				C3C198AE2593196A007029E0 /* CocenAutoLogin.app */,
			);
			name = Products;
			sourceTree = "<group>";
		};
		C3C198B02593196A007029E0 /* CocenAutoLogin */ = {
			isa = PBXGroup;
			children = (
				C3C198EC25932DD5007029E0 /* Model */,
				C3C198EB25932DBB007029E0 /* ViewController */,
				C3C198EA25932D95007029E0 /* ViewModel */,
				C3C198E625932D8B007029E0 /* Utils */,
				C3C198C625931B5C007029E0 /* CocenAutoLogin.entitlements */,
				C3C198B12593196A007029E0 /* AppDelegate.swift */,
				C3C198B32593196A007029E0 /* SceneDelegate.swift */,
				C3C198B72593196A007029E0 /* Main.storyboard */,
				C3C198BA2593196C007029E0 /* Assets.xcassets */,
				C3C198BC2593196C007029E0 /* LaunchScreen.storyboard */,
				C3C198BF2593196C007029E0 /* Info.plist */,
			);
			path = CocenAutoLogin;
			sourceTree = "<group>";
		};
		C3C198E625932D8B007029E0 /* Utils */ = {
			isa = PBXGroup;
			children = (
				C3C198FA25934142007029E0 /* Extensions */,
				C3C198F72593405E007029E0 /* AppError.swift */,
				C3C198E725932D8B007029E0 /* Protocols.swift */,
				C313A918259B194800FC7A62 /* OQUserDefaults.swift */,
			);
			path = Utils;
			sourceTree = "<group>";
		};
		C3C198EA25932D95007029E0 /* ViewModel */ = {
			isa = PBXGroup;
			children = (
				C3C198EE25932E07007029E0 /* MainViewModel.swift */,
				C375D2D325AC21070094F473 /* SideMenuViewModel.swift */,
			);
			path = ViewModel;
			sourceTree = "<group>";
		};
		C3C198EB25932DBB007029E0 /* ViewController */ = {
			isa = PBXGroup;
			children = (
				C375D2C025AC1CC90094F473 /* Views */,
				C375D22525A6A3C40094F473 /* Cells */,
				C3C198B52593196A007029E0 /* MainViewController.swift */,
			);
			path = ViewController;
			sourceTree = "<group>";
		};
		C3C198EC25932DD5007029E0 /* Model */ = {
			isa = PBXGroup;
			children = (
				C333C29F25B57D240091F755 /* WebProcessModel.swift */,
				C3C199022593448E007029E0 /* AppProcessModel.swift */,
				C375D2C725AC1DFA0094F473 /* SideMenuModel.swift */,
			);
			path = Model;
			sourceTree = "<group>";
		};
		C3C198FA25934142007029E0 /* Extensions */ = {
			isa = PBXGroup;
			children = (
				C375D2BC25AC14270094F473 /* OQ+UIControl.swift */,
				C3C198FB25934142007029E0 /* OQ+Publisher.swift */,
				C375D2DC25AC3C790094F473 /* OQ+Etc.swift */,
			);
			path = Extensions;
			sourceTree = "<group>";
		};
/* End PBXGroup section */

/* Begin PBXNativeTarget section */
		C3C198AD2593196A007029E0 /* CocenAutoLogin */ = {
			isa = PBXNativeTarget;
			buildConfigurationList = C3C198C22593196C007029E0 /* Build configuration list for PBXNativeTarget "CocenAutoLogin" */;
			buildPhases = (
				C3C198AA2593196A007029E0 /* Sources */,
				C3C198AB2593196A007029E0 /* Frameworks */,
				C3C198AC2593196A007029E0 /* Resources */,
			);
			buildRules = (
			);
			dependencies = (
			);
			name = CocenAutoLogin;
			packageProductDependencies = (
				C3C198F225933BEB007029E0 /* SwiftOTP */,
				C375D24525A6D5C80094F473 /* StepIndicator */,
			);
			productName = CocenAutoLogin;
			productReference = C3C198AE2593196A007029E0 /* CocenAutoLogin.app */;
			productType = "com.apple.product-type.application";
		};
/* End PBXNativeTarget section */

/* Begin PBXProject section */
		C3C198A62593196A007029E0 /* Project object */ = {
			isa = PBXProject;
			attributes = {
				LastSwiftUpdateCheck = 1220;
				LastUpgradeCheck = 1220;
				TargetAttributes = {
					C3C198AD2593196A007029E0 = {
						CreatedOnToolsVersion = 12.2;
					};
				};
			};
			buildConfigurationList = C3C198A92593196A007029E0 /* Build configuration list for PBXProject "CocenAutoLogin" */;
			compatibilityVersion = "Xcode 9.3";
			developmentRegion = en;
			hasScannedForEncodings = 0;
			knownRegions = (
				en,
				Base,
			);
			mainGroup = C3C198A52593196A007029E0;
			packageReferences = (
				C3C198F125933BEB007029E0 /* XCRemoteSwiftPackageReference "SwiftOTP" */,
				C375D24425A6D5C80094F473 /* XCRemoteSwiftPackageReference "StepIndicator" */,
			);
			productRefGroup = C3C198AF2593196A007029E0 /* Products */;
			projectDirPath = "";
			projectRoot = "";
			targets = (
				C3C198AD2593196A007029E0 /* CocenAutoLogin */,
			);
		};
/* End PBXProject section */

/* Begin PBXResourcesBuildPhase section */
		C3C198AC2593196A007029E0 /* Resources */ = {
			isa = PBXResourcesBuildPhase;
			buildActionMask = 2147483647;
			files = (
				C375D23525A6A7940094F473 /* GuideCell.xib in Resources */,
				C375D23C25A6A7940094F473 /* ProgressCell.xib in Resources */,
				C375D23925A6A7940094F473 /* SuccessCell.xib in Resources */,
				C375D23A25A6A7940094F473 /* OtpFailCell.xib in Resources */,
				C333C23025AEBCA70091F755 /* DefaultBtnCell.xib in Resources */,
				C333C29D25B57CB40091F755 /* WebViewCell.xib in Resources */,
				C3C198BE2593196C007029E0 /* LaunchScreen.storyboard in Resources */,
				C375D2C225AC1CDC0094F473 /* SideMenuView.xib in Resources */,
				C3C198BB2593196C007029E0 /* Assets.xcassets in Resources */,
				C375D24125A6AA2A0094F473 /* OtpEtcCell.xib in Resources */,
				C3C198B92593196A007029E0 /* Main.storyboard in Resources */,
				C375D2D825AC35A70094F473 /* DefaultCell.xib in Resources */,
			);
			runOnlyForDeploymentPostprocessing = 0;
		};
/* End PBXResourcesBuildPhase section */

/* Begin PBXSourcesBuildPhase section */
		C3C198AA2593196A007029E0 /* Sources */ = {
			isa = PBXSourcesBuildPhase;
			buildActionMask = 2147483647;
			files = (
				C3C198EF25932E07007029E0 /* MainViewModel.swift in Sources */,
				C333C29C25B57CB40091F755 /* WebViewCell.swift in Sources */,
				C375D2C525AC1CF30094F473 /* SideMenuView.swift in Sources */,
				C375D24225A6AA2A0094F473 /* OtpEtcCell.swift in Sources */,
				C375D2DD25AC3C790094F473 /* OQ+Etc.swift in Sources */,
				C333C2A025B57D240091F755 /* WebProcessModel.swift in Sources */,
				C3C199032593448E007029E0 /* AppProcessModel.swift in Sources */,
				C3C198FC25934142007029E0 /* OQ+Publisher.swift in Sources */,
				C375D23325A6A7930094F473 /* ProgressCell.swift in Sources */,
				C375D23B25A6A7940094F473 /* OtpFailCell.swift in Sources */,
				C375D2D425AC21070094F473 /* SideMenuViewModel.swift in Sources */,
				C375D2BD25AC14270094F473 /* OQ+UIControl.swift in Sources */,
				C3C198B62593196A007029E0 /* MainViewController.swift in Sources */,
				C333C22F25AEBCA70091F755 /* DefaultBtnCell.swift in Sources */,
				C375D2D925AC35A70094F473 /* DefaultCell.swift in Sources */,
				C3C198F82593405E007029E0 /* AppError.swift in Sources */,
				C3C198B22593196A007029E0 /* AppDelegate.swift in Sources */,
				C375D23425A6A7940094F473 /* SuccessCell.swift in Sources */,
				C375D2C825AC1DFA0094F473 /* SideMenuModel.swift in Sources */,
				C3C198B42593196A007029E0 /* SceneDelegate.swift in Sources */,
				C375D23825A6A7940094F473 /* GuideCell.swift in Sources */,
				C313A919259B194800FC7A62 /* OQUserDefaults.swift in Sources */,
				C3C198E825932D8B007029E0 /* Protocols.swift in Sources */,
			);
			runOnlyForDeploymentPostprocessing = 0;
		};
/* End PBXSourcesBuildPhase section */

/* Begin PBXVariantGroup section */
		C3C198B72593196A007029E0 /* Main.storyboard */ = {
			isa = PBXVariantGroup;
			children = (
				C3C198B82593196A007029E0 /* Base */,
			);
			name = Main.storyboard;
			sourceTree = "<group>";
		};
		C3C198BC2593196C007029E0 /* LaunchScreen.storyboard */ = {
			isa = PBXVariantGroup;
			children = (
				C3C198BD2593196C007029E0 /* Base */,
			);
			name = LaunchScreen.storyboard;
			sourceTree = "<group>";
		};
/* End PBXVariantGroup section */

/* Begin XCBuildConfiguration section */
		C3C198C02593196C007029E0 /* Debug */ = {
			isa = XCBuildConfiguration;
			buildSettings = {
				ALWAYS_SEARCH_USER_PATHS = NO;
				CLANG_ANALYZER_NONNULL = YES;
				CLANG_ANALYZER_NUMBER_OBJECT_CONVERSION = YES_AGGRESSIVE;
				CLANG_CXX_LANGUAGE_STANDARD = "gnu++14";
				CLANG_CXX_LIBRARY = "libc++";
				CLANG_ENABLE_MODULES = YES;
				CLANG_ENABLE_OBJC_ARC = YES;
				CLANG_ENABLE_OBJC_WEAK = YES;
				CLANG_WARN_BLOCK_CAPTURE_AUTORELEASING = YES;
				CLANG_WARN_BOOL_CONVERSION = YES;
				CLANG_WARN_COMMA = YES;
				CLANG_WARN_CONSTANT_CONVERSION = YES;
				CLANG_WARN_DEPRECATED_OBJC_IMPLEMENTATIONS = YES;
				CLANG_WARN_DIRECT_OBJC_ISA_USAGE = YES_ERROR;
				CLANG_WARN_DOCUMENTATION_COMMENTS = YES;
				CLANG_WARN_EMPTY_BODY = YES;
				CLANG_WARN_ENUM_CONVERSION = YES;
				CLANG_WARN_INFINITE_RECURSION = YES;
				CLANG_WARN_INT_CONVERSION = YES;
				CLANG_WARN_NON_LITERAL_NULL_CONVERSION = YES;
				CLANG_WARN_OBJC_IMPLICIT_RETAIN_SELF = YES;
				CLANG_WARN_OBJC_LITERAL_CONVERSION = YES;
				CLANG_WARN_OBJC_ROOT_CLASS = YES_ERROR;
				CLANG_WARN_QUOTED_INCLUDE_IN_FRAMEWORK_HEADER = YES;
				CLANG_WARN_RANGE_LOOP_ANALYSIS = YES;
				CLANG_WARN_STRICT_PROTOTYPES = YES;
				CLANG_WARN_SUSPICIOUS_MOVE = YES;
				CLANG_WARN_UNGUARDED_AVAILABILITY = YES_AGGRESSIVE;
				CLANG_WARN_UNREACHABLE_CODE = YES;
				CLANG_WARN__DUPLICATE_METHOD_MATCH = YES;
				COPY_PHASE_STRIP = NO;
				DEBUG_INFORMATION_FORMAT = dwarf;
				ENABLE_STRICT_OBJC_MSGSEND = YES;
				ENABLE_TESTABILITY = YES;
				GCC_C_LANGUAGE_STANDARD = gnu11;
				GCC_DYNAMIC_NO_PIC = NO;
				GCC_NO_COMMON_BLOCKS = YES;
				GCC_OPTIMIZATION_LEVEL = 0;
				GCC_PREPROCESSOR_DEFINITIONS = (
					"DEBUG=1",
					"$(inherited)",
				);
				GCC_WARN_64_TO_32_BIT_CONVERSION = YES;
				GCC_WARN_ABOUT_RETURN_TYPE = YES_ERROR;
				GCC_WARN_UNDECLARED_SELECTOR = YES;
				GCC_WARN_UNINITIALIZED_AUTOS = YES_AGGRESSIVE;
				GCC_WARN_UNUSED_FUNCTION = YES;
				GCC_WARN_UNUSED_VARIABLE = YES;
				IPHONEOS_DEPLOYMENT_TARGET = 14.2;
				MTL_ENABLE_DEBUG_INFO = INCLUDE_SOURCE;
				MTL_FAST_MATH = YES;
				ONLY_ACTIVE_ARCH = YES;
				SDKROOT = iphoneos;
				SWIFT_ACTIVE_COMPILATION_CONDITIONS = DEBUG;
				SWIFT_OPTIMIZATION_LEVEL = "-Onone";
			};
			name = Debug;
		};
		C3C198C12593196C007029E0 /* Release */ = {
			isa = XCBuildConfiguration;
			buildSettings = {
				ALWAYS_SEARCH_USER_PATHS = NO;
				CLANG_ANALYZER_NONNULL = YES;
				CLANG_ANALYZER_NUMBER_OBJECT_CONVERSION = YES_AGGRESSIVE;
				CLANG_CXX_LANGUAGE_STANDARD = "gnu++14";
				CLANG_CXX_LIBRARY = "libc++";
				CLANG_ENABLE_MODULES = YES;
				CLANG_ENABLE_OBJC_ARC = YES;
				CLANG_ENABLE_OBJC_WEAK = YES;
				CLANG_WARN_BLOCK_CAPTURE_AUTORELEASING = YES;
				CLANG_WARN_BOOL_CONVERSION = YES;
				CLANG_WARN_COMMA = YES;
				CLANG_WARN_CONSTANT_CONVERSION = YES;
				CLANG_WARN_DEPRECATED_OBJC_IMPLEMENTATIONS = YES;
				CLANG_WARN_DIRECT_OBJC_ISA_USAGE = YES_ERROR;
				CLANG_WARN_DOCUMENTATION_COMMENTS = YES;
				CLANG_WARN_EMPTY_BODY = YES;
				CLANG_WARN_ENUM_CONVERSION = YES;
				CLANG_WARN_INFINITE_RECURSION = YES;
				CLANG_WARN_INT_CONVERSION = YES;
				CLANG_WARN_NON_LITERAL_NULL_CONVERSION = YES;
				CLANG_WARN_OBJC_IMPLICIT_RETAIN_SELF = YES;
				CLANG_WARN_OBJC_LITERAL_CONVERSION = YES;
				CLANG_WARN_OBJC_ROOT_CLASS = YES_ERROR;
				CLANG_WARN_QUOTED_INCLUDE_IN_FRAMEWORK_HEADER = YES;
				CLANG_WARN_RANGE_LOOP_ANALYSIS = YES;
				CLANG_WARN_STRICT_PROTOTYPES = YES;
				CLANG_WARN_SUSPICIOUS_MOVE = YES;
				CLANG_WARN_UNGUARDED_AVAILABILITY = YES_AGGRESSIVE;
				CLANG_WARN_UNREACHABLE_CODE = YES;
				CLANG_WARN__DUPLICATE_METHOD_MATCH = YES;
				COPY_PHASE_STRIP = NO;
				DEBUG_INFORMATION_FORMAT = "dwarf-with-dsym";
				ENABLE_NS_ASSERTIONS = NO;
				ENABLE_STRICT_OBJC_MSGSEND = YES;
				GCC_C_LANGUAGE_STANDARD = gnu11;
				GCC_NO_COMMON_BLOCKS = YES;
				GCC_WARN_64_TO_32_BIT_CONVERSION = YES;
				GCC_WARN_ABOUT_RETURN_TYPE = YES_ERROR;
				GCC_WARN_UNDECLARED_SELECTOR = YES;
				GCC_WARN_UNINITIALIZED_AUTOS = YES_AGGRESSIVE;
				GCC_WARN_UNUSED_FUNCTION = YES;
				GCC_WARN_UNUSED_VARIABLE = YES;
				IPHONEOS_DEPLOYMENT_TARGET = 14.2;
				MTL_ENABLE_DEBUG_INFO = NO;
				MTL_FAST_MATH = YES;
				SDKROOT = iphoneos;
				SWIFT_COMPILATION_MODE = wholemodule;
				SWIFT_OPTIMIZATION_LEVEL = "-O";
				VALIDATE_PRODUCT = YES;
			};
			name = Release;
		};
		C3C198C32593196C007029E0 /* Debug */ = {
			isa = XCBuildConfiguration;
			buildSettings = {
				ASSETCATALOG_COMPILER_APPICON_NAME = AppIcon;
				ASSETCATALOG_COMPILER_GLOBAL_ACCENT_COLOR_NAME = AccentColor;
				CODE_SIGN_ENTITLEMENTS = CocenAutoLogin/CocenAutoLogin.entitlements;
				CODE_SIGN_STYLE = Automatic;
				DEVELOPMENT_TEAM = Z97K7ZHNKX;
				INFOPLIST_FILE = CocenAutoLogin/Info.plist;
				IPHONEOS_DEPLOYMENT_TARGET = 13.0;
				LD_RUNPATH_SEARCH_PATHS = (
					"$(inherited)",
					"@executable_path/Frameworks",
				);
				PRODUCT_BUNDLE_IDENTIFIER = com.oq.cocen.autologin.CocenAutoLogin;
				PRODUCT_NAME = "$(TARGET_NAME)";
				SWIFT_VERSION = 5.0;
				TARGETED_DEVICE_FAMILY = "1,2";
			};
			name = Debug;
		};
		C3C198C42593196C007029E0 /* Release */ = {
			isa = XCBuildConfiguration;
			buildSettings = {
				ASSETCATALOG_COMPILER_APPICON_NAME = AppIcon;
				ASSETCATALOG_COMPILER_GLOBAL_ACCENT_COLOR_NAME = AccentColor;
				CODE_SIGN_ENTITLEMENTS = CocenAutoLogin/CocenAutoLogin.entitlements;
				CODE_SIGN_STYLE = Automatic;
				DEVELOPMENT_TEAM = Z97K7ZHNKX;
				INFOPLIST_FILE = CocenAutoLogin/Info.plist;
				IPHONEOS_DEPLOYMENT_TARGET = 13.0;
				LD_RUNPATH_SEARCH_PATHS = (
					"$(inherited)",
					"@executable_path/Frameworks",
				);
				PRODUCT_BUNDLE_IDENTIFIER = com.oq.cocen.autologin.CocenAutoLogin;
				PRODUCT_NAME = "$(TARGET_NAME)";
				SWIFT_VERSION = 5.0;
				TARGETED_DEVICE_FAMILY = "1,2";
			};
			name = Release;
		};
/* End XCBuildConfiguration section */

/* Begin XCConfigurationList section */
		C3C198A92593196A007029E0 /* Build configuration list for PBXProject "CocenAutoLogin" */ = {
			isa = XCConfigurationList;
			buildConfigurations = (
				C3C198C02593196C007029E0 /* Debug */,
				C3C198C12593196C007029E0 /* Release */,
			);
			defaultConfigurationIsVisible = 0;
			defaultConfigurationName = Release;
		};
		C3C198C22593196C007029E0 /* Build configuration list for PBXNativeTarget "CocenAutoLogin" */ = {
			isa = XCConfigurationList;
			buildConfigurations = (
				C3C198C32593196C007029E0 /* Debug */,
				C3C198C42593196C007029E0 /* Release */,
			);
			defaultConfigurationIsVisible = 0;
			defaultConfigurationName = Release;
		};
/* End XCConfigurationList section */

/* Begin XCRemoteSwiftPackageReference section */
		C375D24425A6D5C80094F473 /* XCRemoteSwiftPackageReference "StepIndicator" */ = {
			isa = XCRemoteSwiftPackageReference;
			repositoryURL = "https://github.com/chenyun122/StepIndicator.git";
			requirement = {
				kind = upToNextMajorVersion;
				minimumVersion = 1.0.9;
			};
		};
		C3C198F125933BEB007029E0 /* XCRemoteSwiftPackageReference "SwiftOTP" */ = {
			isa = XCRemoteSwiftPackageReference;
			repositoryURL = "https://github.com/lachlanbell/SwiftOTP.git";
			requirement = {
				kind = upToNextMajorVersion;
				minimumVersion = 2.0.3;
			};
		};
/* End XCRemoteSwiftPackageReference section */

/* Begin XCSwiftPackageProductDependency section */
		C375D24525A6D5C80094F473 /* StepIndicator */ = {
			isa = XCSwiftPackageProductDependency;
			package = C375D24425A6D5C80094F473 /* XCRemoteSwiftPackageReference "StepIndicator" */;
			productName = StepIndicator;
		};
		C3C198F225933BEB007029E0 /* SwiftOTP */ = {
			isa = XCSwiftPackageProductDependency;
			package = C3C198F125933BEB007029E0 /* XCRemoteSwiftPackageReference "SwiftOTP" */;
			productName = SwiftOTP;
		};
/* End XCSwiftPackageProductDependency section */
	};
	rootObject = C3C198A62593196A007029E0 /* Project object */;
}
